{
  "name": "hello-jsr",
  "version": "1.0.0",
  "lockfileVersion": 3,
  "requires": true,
  "packages": {
    "": {
      "name": "hello-jsr",
      "version": "1.0.0",
      "license": "ISC",
      "dependencies": {
        "@luca/cases": "npm:@jsr/luca__cases@^1.0.0"
      }
    },
    "node_modules/@luca/cases": {
      "name": "@jsr/luca__cases",
      "version": "1.0.0",
      "resolved": "https://npm.jsr.io/~/10/@jsr/luca__cases/1.0.0.tgz",
      "integrity": "sha512-Ss4jMVvOAmdn/u6g+CRExEYLIfcTTSR6ZA/YHYuBqnF7CQ4b2B8NBuaze3TLKHqNMDBWmY+2XfQ6azlPKTrlxw=="
    }
  }
}
